
Microsoft Visual Studio Solution File, Format Version 12.00
# Visual Studio Version 17
VisualStudioVersion = 17.10.35122.118
MinimumVisualStudioVersion = 10.0.40219.1
Project("{FAE04EC0-301F-11D3-BF4B-00C04F79EFBC}") = "ControleLancamentosAPI", "ControleLancamentosAPI\ControleLancamentosAPI.csproj", "{AB458689-861B-41AE-A723-FAA229BE5FAD}"
EndProject
Project("{2150E333-8FDC-42A3-9474-1A3956D46DE8}") = "SolutionItens", "SolutionItens", "{815553A7-53A3-4ED0-9E06-ED18538393A0}"
	ProjectSection(SolutionItems) = preProject
		compose.yml = compose.yml
	EndProjectSection
EndProject
Project("{FAE04EC0-301F-11D3-BF4B-00C04F79EFBC}") = "ControleLancamentosApiTestes", "ControleLancamentosApiTestes\ControleLancamentosApiTestes.csproj", "{641ABF4A-C9F8-498E-89F1-B484D70B1C76}"
EndProject
Global
	GlobalSection(SolutionConfigurationPlatforms) = preSolution
		Debug|Any CPU = Debug|Any CPU
		Release|Any CPU = Release|Any CPU
	EndGlobalSection
	GlobalSection(ProjectConfigurationPlatforms) = postSolution
		{AB458689-861B-41AE-A723-FAA229BE5FAD}.Debug|Any CPU.ActiveCfg = Debug|Any CPU
		{AB458689-861B-41AE-A723-FAA229BE5FAD}.Debug|Any CPU.Build.0 = Debug|Any CPU
		{AB458689-861B-41AE-A723-FAA229BE5FAD}.Release|Any CPU.ActiveCfg = Release|Any CPU
		{AB458689-861B-41AE-A723-FAA229BE5FAD}.Release|Any CPU.Build.0 = Release|Any CPU
		{641ABF4A-C9F8-498E-89F1-B484D70B1C76}.Debug|Any CPU.ActiveCfg = Debug|Any CPU
		{641ABF4A-C9F8-498E-89F1-B484D70B1C76}.Debug|Any CPU.Build.0 = Debug|Any CPU
		{641ABF4A-C9F8-498E-89F1-B484D70B1C76}.Release|Any CPU.ActiveCfg = Release|Any CPU
		{641ABF4A-C9F8-498E-89F1-B484D70B1C76}.Release|Any CPU.Build.0 = Release|Any CPU
	EndGlobalSection
	GlobalSection(SolutionProperties) = preSolution
		HideSolutionNode = FALSE
	EndGlobalSection
	GlobalSection(ExtensibilityGlobals) = postSolution
		SolutionGuid = {CD9C19EB-BD06-4840-89A3-891B1F9D9D78}
	EndGlobalSection
EndGlobal
